// !$*UTF8*$!
{
	archiveVersion = 1;
	classes = {
	};
	objectVersion = 52;
	objects = {

/* Begin PBXBuildFile section */
		CD09C84A2701060900EFC1EF /* LoadingCollectionViewCell.swift in Sources */ = {isa = PBXBuildFile; fileRef = CD09C8492701060900EFC1EF /* LoadingCollectionViewCell.swift */; };
		CD36B75626E7E33E003A2272 /* AppDelegate.swift in Sources */ = {isa = PBXBuildFile; fileRef = CD36B75526E7E33E003A2272 /* AppDelegate.swift */; };
		CD36B75F26E7E340003A2272 /* Assets.xcassets in Resources */ = {isa = PBXBuildFile; fileRef = CD36B75E26E7E340003A2272 /* Assets.xcassets */; };
		CD36B76226E7E340003A2272 /* LaunchScreen.storyboard in Resources */ = {isa = PBXBuildFile; fileRef = CD36B76026E7E340003A2272 /* LaunchScreen.storyboard */; };
		CD40F5C126FE1B4D00521C4C /* DetailVC.swift in Sources */ = {isa = PBXBuildFile; fileRef = CD40F5C026FE1B4D00521C4C /* DetailVC.swift */; };
		CD7FBBAF26EB72FB00C375BB /* PreviewVC.swift in Sources */ = {isa = PBXBuildFile; fileRef = CD7FBBAE26EB72FB00C375BB /* PreviewVC.swift */; };
		CD7FBBB526ECBA0A00C375BB /* GistCollectionViewCell.swift in Sources */ = {isa = PBXBuildFile; fileRef = CD7FBBB426ECBA0A00C375BB /* GistCollectionViewCell.swift */; };
		CD86728126FC4BB3006A21F1 /* GistsProvider.swift in Sources */ = {isa = PBXBuildFile; fileRef = CD86728026FC4BB3006A21F1 /* GistsProvider.swift */; };
		CD8910CE276722F0002CD0B1 /* AlertPresenter.swift in Sources */ = {isa = PBXBuildFile; fileRef = CD8910CD276722EF002CD0B1 /* AlertPresenter.swift */; };
		CDC60D5A276876BE0020801A /* IQKeyboardManagerSwift in Frameworks */ = {isa = PBXBuildFile; productRef = CDC60D59276876BE0020801A /* IQKeyboardManagerSwift */; };
		CDD7041F278C03F400388B7A /* Extensions.swift in Sources */ = {isa = PBXBuildFile; fileRef = CDD7041E278C03F400388B7A /* Extensions.swift */; };
		CDD9853326F346B500CB85E3 /* GistAPI.swift in Sources */ = {isa = PBXBuildFile; fileRef = CDD9853226F346B500CB85E3 /* GistAPI.swift */; };
		CDDBFE6026E7F26800CC9DA8 /* SnapKit in Frameworks */ = {isa = PBXBuildFile; productRef = CDDBFE5F26E7F26800CC9DA8 /* SnapKit */; };
		CDDBFE6326E7F2D200CC9DA8 /* GreetingVC.swift in Sources */ = {isa = PBXBuildFile; fileRef = CDDBFE6226E7F2D200CC9DA8 /* GreetingVC.swift */; };
		CDDBFE6726E8A42000CC9DA8 /* Constants.swift in Sources */ = {isa = PBXBuildFile; fileRef = CDDBFE6626E8A42000CC9DA8 /* Constants.swift */; };
/* End PBXBuildFile section */

/* Begin PBXFileReference section */
		CD09C8492701060900EFC1EF /* LoadingCollectionViewCell.swift */ = {isa = PBXFileReference; lastKnownFileType = sourcecode.swift; path = LoadingCollectionViewCell.swift; sourceTree = "<group>"; };
		CD36B75226E7E33E003A2272 /* AppBusterTest.app */ = {isa = PBXFileReference; explicitFileType = wrapper.application; includeInIndex = 0; path = AppBusterTest.app; sourceTree = BUILT_PRODUCTS_DIR; };
		CD36B75526E7E33E003A2272 /* AppDelegate.swift */ = {isa = PBXFileReference; lastKnownFileType = sourcecode.swift; path = AppDelegate.swift; sourceTree = "<group>"; };
		CD36B75E26E7E340003A2272 /* Assets.xcassets */ = {isa = PBXFileReference; lastKnownFileType = folder.assetcatalog; path = Assets.xcassets; sourceTree = "<group>"; };
		CD36B76126E7E340003A2272 /* Base */ = {isa = PBXFileReference; lastKnownFileType = file.storyboard; name = Base; path = Base.lproj/LaunchScreen.storyboard; sourceTree = "<group>"; };
		CD36B76326E7E340003A2272 /* Info.plist */ = {isa = PBXFileReference; lastKnownFileType = text.plist.xml; path = Info.plist; sourceTree = "<group>"; };
		CD40F5C026FE1B4D00521C4C /* DetailVC.swift */ = {isa = PBXFileReference; lastKnownFileType = sourcecode.swift; path = DetailVC.swift; sourceTree = "<group>"; };
		CD7FBBAE26EB72FB00C375BB /* PreviewVC.swift */ = {isa = PBXFileReference; lastKnownFileType = sourcecode.swift; path = PreviewVC.swift; sourceTree = "<group>"; };
		CD7FBBB426ECBA0A00C375BB /* GistCollectionViewCell.swift */ = {isa = PBXFileReference; lastKnownFileType = sourcecode.swift; path = GistCollectionViewCell.swift; sourceTree = "<group>"; };
		CD86728026FC4BB3006A21F1 /* GistsProvider.swift */ = {isa = PBXFileReference; lastKnownFileType = sourcecode.swift; path = GistsProvider.swift; sourceTree = "<group>"; };
		CD8910CD276722EF002CD0B1 /* AlertPresenter.swift */ = {isa = PBXFileReference; lastKnownFileType = sourcecode.swift; path = AlertPresenter.swift; sourceTree = "<group>"; };
		CDD7041E278C03F400388B7A /* Extensions.swift */ = {isa = PBXFileReference; lastKnownFileType = sourcecode.swift; path = Extensions.swift; sourceTree = "<group>"; };
		CDD9853226F346B500CB85E3 /* GistAPI.swift */ = {isa = PBXFileReference; lastKnownFileType = sourcecode.swift; path = GistAPI.swift; sourceTree = "<group>"; };
		CDDBFE6226E7F2D200CC9DA8 /* GreetingVC.swift */ = {isa = PBXFileReference; lastKnownFileType = sourcecode.swift; path = GreetingVC.swift; sourceTree = "<group>"; };
		CDDBFE6626E8A42000CC9DA8 /* Constants.swift */ = {isa = PBXFileReference; lastKnownFileType = sourcecode.swift; path = Constants.swift; sourceTree = "<group>"; };
/* End PBXFileReference section */

/* Begin PBXFrameworksBuildPhase section */
		CD36B74F26E7E33E003A2272 /* Frameworks */ = {
			isa = PBXFrameworksBuildPhase;
			buildActionMask = 2147483647;
			files = (
				CDDBFE6026E7F26800CC9DA8 /* SnapKit in Frameworks */,
				CDC60D5A276876BE0020801A /* IQKeyboardManagerSwift in Frameworks */,
			);
			runOnlyForDeploymentPostprocessing = 0;
		};
/* End PBXFrameworksBuildPhase section */

/* Begin PBXGroup section */
		CD36B74926E7E33E003A2272 = {
			isa = PBXGroup;
			children = (
				CD36B75426E7E33E003A2272 /* AppBusterTest */,
				CD36B75326E7E33E003A2272 /* Products */,
			);
			sourceTree = "<group>";
		};
		CD36B75326E7E33E003A2272 /* Products */ = {
			isa = PBXGroup;
			children = (
				CD36B75226E7E33E003A2272 /* AppBusterTest.app */,
			);
			name = Products;
			sourceTree = "<group>";
		};
		CD36B75426E7E33E003A2272 /* AppBusterTest */ = {
			isa = PBXGroup;
			children = (
				CDD7041E278C03F400388B7A /* Extensions.swift */,
				CD36B75526E7E33E003A2272 /* AppDelegate.swift */,
				CDDBFE9A26E9F08700CC9DA8 /* Model */,
				CDDBFE7526E9E6B400CC9DA8 /* View */,
				CDDBFE6126E7F29100CC9DA8 /* Controllers */,
				CD36B75E26E7E340003A2272 /* Assets.xcassets */,
				CD36B76026E7E340003A2272 /* LaunchScreen.storyboard */,
				CD36B76326E7E340003A2272 /* Info.plist */,
			);
			path = AppBusterTest;
			sourceTree = "<group>";
		};
		CD8910CF276722F7002CD0B1 /* Helpers */ = {
			isa = PBXGroup;
			children = (
				CD8910CD276722EF002CD0B1 /* AlertPresenter.swift */,
			);
			path = Helpers;
			sourceTree = "<group>";
		};
		CDDBFE6126E7F29100CC9DA8 /* Controllers */ = {
			isa = PBXGroup;
			children = (
				CDDBFE6226E7F2D200CC9DA8 /* GreetingVC.swift */,
				CD7FBBAE26EB72FB00C375BB /* PreviewVC.swift */,
				CD40F5C026FE1B4D00521C4C /* DetailVC.swift */,
				CD8910CF276722F7002CD0B1 /* Helpers */,
			);
			path = Controllers;
			sourceTree = "<group>";
		};
		CDDBFE7526E9E6B400CC9DA8 /* View */ = {
			isa = PBXGroup;
			children = (
				CD7FBBB426ECBA0A00C375BB /* GistCollectionViewCell.swift */,
				CD09C8492701060900EFC1EF /* LoadingCollectionViewCell.swift */,
			);
			path = View;
			sourceTree = "<group>";
		};
		CDDBFE9A26E9F08700CC9DA8 /* Model */ = {
			isa = PBXGroup;
			children = (
				CDDBFE6626E8A42000CC9DA8 /* Constants.swift */,
				CDD9853226F346B500CB85E3 /* GistAPI.swift */,
				CD86728026FC4BB3006A21F1 /* GistsProvider.swift */,
			);
			path = Model;
			sourceTree = "<group>";
		};
/* End PBXGroup section */

/* Begin PBXNativeTarget section */
		CD36B75126E7E33E003A2272 /* AppBusterTest */ = {
			isa = PBXNativeTarget;
			buildConfigurationList = CD36B76626E7E340003A2272 /* Build configuration list for PBXNativeTarget "AppBusterTest" */;
			buildPhases = (
				CD36B74E26E7E33E003A2272 /* Sources */,
				CD36B74F26E7E33E003A2272 /* Frameworks */,
				CD36B75026E7E33E003A2272 /* Resources */,
			);
			buildRules = (
			);
			dependencies = (
			);
			name = AppBusterTest;
			packageProductDependencies = (
				CDDBFE5F26E7F26800CC9DA8 /* SnapKit */,
				CDC60D59276876BE0020801A /* IQKeyboardManagerSwift */,
			);
			productName = AppBusterTest;
			productReference = CD36B75226E7E33E003A2272 /* AppBusterTest.app */;
			productType = "com.apple.product-type.application";
		};
/* End PBXNativeTarget section */

/* Begin PBXProject section */
		CD36B74A26E7E33E003A2272 /* Project object */ = {
			isa = PBXProject;
			attributes = {
				LastSwiftUpdateCheck = 1250;
				LastUpgradeCheck = 1250;
				TargetAttributes = {
					CD36B75126E7E33E003A2272 = {
						CreatedOnToolsVersion = 12.5.1;
					};
				};
			};
			buildConfigurationList = CD36B74D26E7E33E003A2272 /* Build configuration list for PBXProject "AppBusterTest" */;
			compatibilityVersion = "Xcode 9.3";
			developmentRegion = en;
			hasScannedForEncodings = 0;
			knownRegions = (
				en,
				Base,
			);
			mainGroup = CD36B74926E7E33E003A2272;
			packageReferences = (
				CDDBFE5E26E7F26800CC9DA8 /* XCRemoteSwiftPackageReference "SnapKit" */,
				CDC60D58276876BE0020801A /* XCRemoteSwiftPackageReference "IQKeyboardManager" */,
			);
			productRefGroup = CD36B75326E7E33E003A2272 /* Products */;
			projectDirPath = "";
			projectRoot = "";
			targets = (
				CD36B75126E7E33E003A2272 /* AppBusterTest */,
			);
		};
/* End PBXProject section */

/* Begin PBXResourcesBuildPhase section */
		CD36B75026E7E33E003A2272 /* Resources */ = {
			isa = PBXResourcesBuildPhase;
			buildActionMask = 2147483647;
			files = (
				CD36B76226E7E340003A2272 /* LaunchScreen.storyboard in Resources */,
				CD36B75F26E7E340003A2272 /* Assets.xcassets in Resources */,
			);
			runOnlyForDeploymentPostprocessing = 0;
		};
/* End PBXResourcesBuildPhase section */

/* Begin PBXSourcesBuildPhase section */
		CD36B74E26E7E33E003A2272 /* Sources */ = {
			isa = PBXSourcesBuildPhase;
			buildActionMask = 2147483647;
			files = (
				CD7FBBB526ECBA0A00C375BB /* GistCollectionViewCell.swift in Sources */,
				CDD9853326F346B500CB85E3 /* GistAPI.swift in Sources */,
				CD8910CE276722F0002CD0B1 /* AlertPresenter.swift in Sources */,
				CDDBFE6326E7F2D200CC9DA8 /* GreetingVC.swift in Sources */,
				CD86728126FC4BB3006A21F1 /* GistsProvider.swift in Sources */,
				CD36B75626E7E33E003A2272 /* AppDelegate.swift in Sources */,
				CD40F5C126FE1B4D00521C4C /* DetailVC.swift in Sources */,
				CD7FBBAF26EB72FB00C375BB /* PreviewVC.swift in Sources */,
				CD09C84A2701060900EFC1EF /* LoadingCollectionViewCell.swift in Sources */,
				CDD7041F278C03F400388B7A /* Extensions.swift in Sources */,
				CDDBFE6726E8A42000CC9DA8 /* Constants.swift in Sources */,
			);
			runOnlyForDeploymentPostprocessing = 0;
		};
/* End PBXSourcesBuildPhase section */

/* Begin PBXVariantGroup section */
		CD36B76026E7E340003A2272 /* LaunchScreen.storyboard */ = {
			isa = PBXVariantGroup;
			children = (
				CD36B76126E7E340003A2272 /* Base */,
			);
			name = LaunchScreen.storyboard;
			sourceTree = "<group>";
		};
/* End PBXVariantGroup section */

/* Begin XCBuildConfiguration section */
		CD36B76426E7E340003A2272 /* Debug */ = {
			isa = XCBuildConfiguration;
			buildSettings = {
				ALWAYS_SEARCH_USER_PATHS = NO;
				CLANG_ANALYZER_NONNULL = YES;
				CLANG_ANALYZER_NUMBER_OBJECT_CONVERSION = YES_AGGRESSIVE;
				CLANG_CXX_LANGUAGE_STANDARD = "gnu++14";
				CLANG_CXX_LIBRARY = "libc++";
				CLANG_ENABLE_MODULES = YES;
				CLANG_ENABLE_OBJC_ARC = YES;
				CLANG_ENABLE_OBJC_WEAK = YES;
				CLANG_WARN_BLOCK_CAPTURE_AUTORELEASING = YES;
				CLANG_WARN_BOOL_CONVERSION = YES;
				CLANG_WARN_COMMA = YES;
				CLANG_WARN_CONSTANT_CONVERSION = YES;
				CLANG_WARN_DEPRECATED_OBJC_IMPLEMENTATIONS = YES;
				CLANG_WARN_DIRECT_OBJC_ISA_USAGE = YES_ERROR;
				CLANG_WARN_DOCUMENTATION_COMMENTS = YES;
				CLANG_WARN_EMPTY_BODY = YES;
				CLANG_WARN_ENUM_CONVERSION = YES;
				CLANG_WARN_INFINITE_RECURSION = YES;
				CLANG_WARN_INT_CONVERSION = YES;
				CLANG_WARN_NON_LITERAL_NULL_CONVERSION = YES;
				CLANG_WARN_OBJC_IMPLICIT_RETAIN_SELF = YES;
				CLANG_WARN_OBJC_LITERAL_CONVERSION = YES;
				CLANG_WARN_OBJC_ROOT_CLASS = YES_ERROR;
				CLANG_WARN_QUOTED_INCLUDE_IN_FRAMEWORK_HEADER = YES;
				CLANG_WARN_RANGE_LOOP_ANALYSIS = YES;
				CLANG_WARN_STRICT_PROTOTYPES = YES;
				CLANG_WARN_SUSPICIOUS_MOVE = YES;
				CLANG_WARN_UNGUARDED_AVAILABILITY = YES_AGGRESSIVE;
				CLANG_WARN_UNREACHABLE_CODE = YES;
				CLANG_WARN__DUPLICATE_METHOD_MATCH = YES;
				COPY_PHASE_STRIP = NO;
				DEBUG_INFORMATION_FORMAT = dwarf;
				ENABLE_STRICT_OBJC_MSGSEND = YES;
				ENABLE_TESTABILITY = YES;
				GCC_C_LANGUAGE_STANDARD = gnu11;
				GCC_DYNAMIC_NO_PIC = NO;
				GCC_NO_COMMON_BLOCKS = YES;
				GCC_OPTIMIZATION_LEVEL = 0;
				GCC_PREPROCESSOR_DEFINITIONS = (
					"DEBUG=1",
					"$(inherited)",
				);
				GCC_WARN_64_TO_32_BIT_CONVERSION = YES;
				GCC_WARN_ABOUT_RETURN_TYPE = YES_ERROR;
				GCC_WARN_UNDECLARED_SELECTOR = YES;
				GCC_WARN_UNINITIALIZED_AUTOS = YES_AGGRESSIVE;
				GCC_WARN_UNUSED_FUNCTION = YES;
				GCC_WARN_UNUSED_VARIABLE = YES;
				IPHONEOS_DEPLOYMENT_TARGET = 13.0;
				MTL_ENABLE_DEBUG_INFO = INCLUDE_SOURCE;
				MTL_FAST_MATH = YES;
				ONLY_ACTIVE_ARCH = YES;
				SDKROOT = iphoneos;
				SWIFT_ACTIVE_COMPILATION_CONDITIONS = DEBUG;
				SWIFT_OPTIMIZATION_LEVEL = "-Onone";
			};
			name = Debug;
		};
		CD36B76526E7E340003A2272 /* Release */ = {
			isa = XCBuildConfiguration;
			buildSettings = {
				ALWAYS_SEARCH_USER_PATHS = NO;
				CLANG_ANALYZER_NONNULL = YES;
				CLANG_ANALYZER_NUMBER_OBJECT_CONVERSION = YES_AGGRESSIVE;
				CLANG_CXX_LANGUAGE_STANDARD = "gnu++14";
				CLANG_CXX_LIBRARY = "libc++";
				CLANG_ENABLE_MODULES = YES;
				CLANG_ENABLE_OBJC_ARC = YES;
				CLANG_ENABLE_OBJC_WEAK = YES;
				CLANG_WARN_BLOCK_CAPTURE_AUTORELEASING = YES;
				CLANG_WARN_BOOL_CONVERSION = YES;
				CLANG_WARN_COMMA = YES;
				CLANG_WARN_CONSTANT_CONVERSION = YES;
				CLANG_WARN_DEPRECATED_OBJC_IMPLEMENTATIONS = YES;
				CLANG_WARN_DIRECT_OBJC_ISA_USAGE = YES_ERROR;
				CLANG_WARN_DOCUMENTATION_COMMENTS = YES;
				CLANG_WARN_EMPTY_BODY = YES;
				CLANG_WARN_ENUM_CONVERSION = YES;
				CLANG_WARN_INFINITE_RECURSION = YES;
				CLANG_WARN_INT_CONVERSION = YES;
				CLANG_WARN_NON_LITERAL_NULL_CONVERSION = YES;
				CLANG_WARN_OBJC_IMPLICIT_RETAIN_SELF = YES;
				CLANG_WARN_OBJC_LITERAL_CONVERSION = YES;
				CLANG_WARN_OBJC_ROOT_CLASS = YES_ERROR;
				CLANG_WARN_QUOTED_INCLUDE_IN_FRAMEWORK_HEADER = YES;
				CLANG_WARN_RANGE_LOOP_ANALYSIS = YES;
				CLANG_WARN_STRICT_PROTOTYPES = YES;
				CLANG_WARN_SUSPICIOUS_MOVE = YES;
				CLANG_WARN_UNGUARDED_AVAILABILITY = YES_AGGRESSIVE;
				CLANG_WARN_UNREACHABLE_CODE = YES;
				CLANG_WARN__DUPLICATE_METHOD_MATCH = YES;
				COPY_PHASE_STRIP = NO;
				DEBUG_INFORMATION_FORMAT = "dwarf-with-dsym";
				ENABLE_NS_ASSERTIONS = NO;
				ENABLE_STRICT_OBJC_MSGSEND = YES;
				GCC_C_LANGUAGE_STANDARD = gnu11;
				GCC_NO_COMMON_BLOCKS = YES;
				GCC_WARN_64_TO_32_BIT_CONVERSION = YES;
				GCC_WARN_ABOUT_RETURN_TYPE = YES_ERROR;
				GCC_WARN_UNDECLARED_SELECTOR = YES;
				GCC_WARN_UNINITIALIZED_AUTOS = YES_AGGRESSIVE;
				GCC_WARN_UNUSED_FUNCTION = YES;
				GCC_WARN_UNUSED_VARIABLE = YES;
				IPHONEOS_DEPLOYMENT_TARGET = 13.0;
				MTL_ENABLE_DEBUG_INFO = NO;
				MTL_FAST_MATH = YES;
				SDKROOT = iphoneos;
				SWIFT_COMPILATION_MODE = wholemodule;
				SWIFT_OPTIMIZATION_LEVEL = "-O";
				VALIDATE_PRODUCT = YES;
			};
			name = Release;
		};
		CD36B76726E7E340003A2272 /* Debug */ = {
			isa = XCBuildConfiguration;
			buildSettings = {
				ASSETCATALOG_COMPILER_APPICON_NAME = AppIcon;
				ASSETCATALOG_COMPILER_GLOBAL_ACCENT_COLOR_NAME = AccentColor;
				CODE_SIGN_STYLE = Automatic;
				DEVELOPMENT_TEAM = XLNRW25236;
				INFOPLIST_FILE = AppBusterTest/Info.plist;
				LD_RUNPATH_SEARCH_PATHS = (
					"$(inherited)",
					"@executable_path/Frameworks",
				);
				PRODUCT_BUNDLE_IDENTIFIER = qqqqwq121212.AppBusterTest;
				PRODUCT_NAME = "$(TARGET_NAME)";
				SWIFT_VERSION = 5.0;
				TARGETED_DEVICE_FAMILY = 1;
			};
			name = Debug;
		};
		CD36B76826E7E340003A2272 /* Release */ = {
			isa = XCBuildConfiguration;
			buildSettings = {
				ASSETCATALOG_COMPILER_APPICON_NAME = AppIcon;
				ASSETCATALOG_COMPILER_GLOBAL_ACCENT_COLOR_NAME = AccentColor;
				CODE_SIGN_STYLE = Automatic;
				DEVELOPMENT_TEAM = XLNRW25236;
				INFOPLIST_FILE = AppBusterTest/Info.plist;
				LD_RUNPATH_SEARCH_PATHS = (
					"$(inherited)",
					"@executable_path/Frameworks",
				);
				PRODUCT_BUNDLE_IDENTIFIER = qqqqwq121212.AppBusterTest;
				PRODUCT_NAME = "$(TARGET_NAME)";
				SWIFT_VERSION = 5.0;
				TARGETED_DEVICE_FAMILY = 1;
			};
			name = Release;
		};
/* End XCBuildConfiguration section */

/* Begin XCConfigurationList section */
		CD36B74D26E7E33E003A2272 /* Build configuration list for PBXProject "AppBusterTest" */ = {
			isa = XCConfigurationList;
			buildConfigurations = (
				CD36B76426E7E340003A2272 /* Debug */,
				CD36B76526E7E340003A2272 /* Release */,
			);
			defaultConfigurationIsVisible = 0;
			defaultConfigurationName = Release;
		};
		CD36B76626E7E340003A2272 /* Build configuration list for PBXNativeTarget "AppBusterTest" */ = {
			isa = XCConfigurationList;
			buildConfigurations = (
				CD36B76726E7E340003A2272 /* Debug */,
				CD36B76826E7E340003A2272 /* Release */,
			);
			defaultConfigurationIsVisible = 0;
			defaultConfigurationName = Release;
		};
/* End XCConfigurationList section */

/* Begin XCRemoteSwiftPackageReference section */
		CDC60D58276876BE0020801A /* XCRemoteSwiftPackageReference "IQKeyboardManager" */ = {
			isa = XCRemoteSwiftPackageReference;
			repositoryURL = "https://github.com/hackiftekhar/IQKeyboardManager";
			requirement = {
				kind = upToNextMajorVersion;
				minimumVersion = 6.0.0;
			};
		};
		CDDBFE5E26E7F26800CC9DA8 /* XCRemoteSwiftPackageReference "SnapKit" */ = {
			isa = XCRemoteSwiftPackageReference;
			repositoryURL = "https://github.com/SnapKit/SnapKit.git";
			requirement = {
				kind = upToNextMajorVersion;
				minimumVersion = 5.0.1;
			};
		};
/* End XCRemoteSwiftPackageReference section */

/* Begin XCSwiftPackageProductDependency section */
		CDC60D59276876BE0020801A /* IQKeyboardManagerSwift */ = {
			isa = XCSwiftPackageProductDependency;
			package = CDC60D58276876BE0020801A /* XCRemoteSwiftPackageReference "IQKeyboardManager" */;
			productName = IQKeyboardManagerSwift;
		};
		CDDBFE5F26E7F26800CC9DA8 /* SnapKit */ = {
			isa = XCSwiftPackageProductDependency;
			package = CDDBFE5E26E7F26800CC9DA8 /* XCRemoteSwiftPackageReference "SnapKit" */;
			productName = SnapKit;
		};
/* End XCSwiftPackageProductDependency section */
	};
	rootObject = CD36B74A26E7E33E003A2272 /* Project object */;
}
